
Microsoft Visual Studio Solution File, Format Version 12.00
# Visual Studio Version 16
VisualStudioVersion = 16.0.29728.190
MinimumVisualStudioVersion = 10.0.40219.1
Project("{FAE04EC0-301F-11D3-BF4B-00C04F79EFBC}") = "Library", "Library\Library.csproj", "{3113D673-6411-4B61-80EA-5A9AA9EC28C8}"
EndProject
Project("{FAE04EC0-301F-11D3-BF4B-00C04F79EFBC}") = "Web", "Web\Web.csproj", "{EAA8EDC0-0D23-4401-B7D8-8B994ED6BD15}"
EndProject
Global
	GlobalSection(SolutionConfigurationPlatforms) = preSolution
		Debug|Any CPU = Debug|Any CPU
		Release|Any CPU = Release|Any CPU
	EndGlobalSection
	GlobalSection(ProjectConfigurationPlatforms) = postSolution
		{3113D673-6411-4B61-80EA-5A9AA9EC28C8}.Debug|Any CPU.ActiveCfg = Debug|Any CPU
		{3113D673-6411-4B61-80EA-5A9AA9EC28C8}.Debug|Any CPU.Build.0 = Debug|Any CPU
		{3113D673-6411-4B61-80EA-5A9AA9EC28C8}.Release|Any CPU.ActiveCfg = Release|Any CPU
		{3113D673-6411-4B61-80EA-5A9AA9EC28C8}.Release|Any CPU.Build.0 = Release|Any CPU
		{EAA8EDC0-0D23-4401-B7D8-8B994ED6BD15}.Debug|Any CPU.ActiveCfg = Debug|Any CPU
		{EAA8EDC0-0D23-4401-B7D8-8B994ED6BD15}.Debug|Any CPU.Build.0 = Debug|Any CPU
		{EAA8EDC0-0D23-4401-B7D8-8B994ED6BD15}.Release|Any CPU.ActiveCfg = Release|Any CPU
		{EAA8EDC0-0D23-4401-B7D8-8B994ED6BD15}.Release|Any CPU.Build.0 = Release|Any CPU
	EndGlobalSection
	GlobalSection(SolutionProperties) = preSolution
		HideSolutionNode = FALSE
	EndGlobalSection
	GlobalSection(ExtensibilityGlobals) = postSolution
		SolutionGuid = {13B3AC2F-7D31-4D72-9824-F32C9EDFF209}
	EndGlobalSection
EndGlobal
